Microsoft Visual Studio Solution File, Format Version 12.00
# Visual Studio Version 17
VisualStudioVersion = 17.5.2.0
MinimumVisualStudioVersion = 10.0.40219.1
Project("{FAE04EC0-301F-11D3-BF4B-00C04F79EFBC}") = "EmitLog", "EmitLog\EmitLog.csproj", "{C1C1A20F-FED3-E53F-2E89-D54CFEA4D2D8}"
EndProject
Global
	GlobalSection(SolutionConfigurationPlatforms) = preSolution
		Debug|Any CPU = Debug|Any CPU
		Release|Any CPU = Release|Any CPU
	EndGlobalSection
	GlobalSection(ProjectConfigurationPlatforms) = postSolution
		{C1C1A20F-FED3-E53F-2E89-D54CFEA4D2D8}.Debug|Any CPU.ActiveCfg = Debug|Any CPU
		{C1C1A20F-FED3-E53F-2E89-D54CFEA4D2D8}.Debug|Any CPU.Build.0 = Debug|Any CPU
		{C1C1A20F-FED3-E53F-2E89-D54CFEA4D2D8}.Release|Any CPU.ActiveCfg = Release|Any CPU
		{C1C1A20F-FED3-E53F-2E89-D54CFEA4D2D8}.Release|Any CPU.Build.0 = Release|Any CPU
	EndGlobalSection
	GlobalSection(SolutionProperties) = preSolution
		HideSolutionNode = FALSE
	EndGlobalSection
	GlobalSection(ExtensibilityGlobals) = postSolution
		SolutionGuid = {704719D5-291D-47B0-BF49-33258BD96955}
	EndGlobalSection
EndGlobal
